{
  "sources": {
    "agent_version": {
      "locked_version": "1.0.0",
      "git": "git://github.com/aws/opsworks-cookbooks.git",
      "ref": "06ee63c7fb6c5c4962bcb4a1c62a2adbf45d324c",
      "rel": "agent_version"
    },
    "apache2": {
      "locked_version": "1.0.0",
      "git": "git://github.com/aws/opsworks-cookbooks.git",
      "ref": "06ee63c7fb6c5c4962bcb4a1c62a2adbf45d324c",
      "rel": "apache2"
    },
    "dependencies": {
      "locked_version": "1.0.0",
      "git": "git://github.com/aws/opsworks-cookbooks.git",
      "ref": "06ee63c7fb6c5c4962bcb4a1c62a2adbf45d324c",
      "rel": "dependencies"
    },
    "deploy": {
      "locked_version": "1.0.0",
      "git": "git://github.com/aws/opsworks-cookbooks.git",
      "ref": "06ee63c7fb6c5c4962bcb4a1c62a2adbf45d324c",
      "rel": "deploy"
    },
    "ebs": {
      "locked_version": "1.0.0",
      "git": "git://github.com/aws/opsworks-cookbooks.git",
      "ref": "06ee63c7fb6c5c4962bcb4a1c62a2adbf45d324c",
      "rel": "ebs"
    },
    "gem_support": {
      "locked_version": "1.0.0",
      "git": "git://github.com/aws/opsworks-cookbooks.git",
      "ref": "06ee63c7fb6c5c4962bcb4a1c62a2adbf45d324c",
      "rel": "gem_support"
    },
    "haproxy": {
      "locked_version": "1.0.0",
      "git": "git://github.com/aws/opsworks-cookbooks.git",
      "ref": "06ee63c7fb6c5c4962bcb4a1c62a2adbf45d324c",
      "rel": "haproxy"
    },
    "memcached": {
      "locked_version": "1.0.0",
      "git": "git://github.com/aws/opsworks-cookbooks.git",
      "ref": "06ee63c7fb6c5c4962bcb4a1c62a2adbf45d324c",
      "rel": "memcached"
    },
    "mod_php5_apache2": {
      "locked_version": "1.0.0",
      "git": "git://github.com/aws/opsworks-cookbooks.git",
      "ref": "06ee63c7fb6c5c4962bcb4a1c62a2adbf45d324c",
      "rel": "mod_php5_apache2"
    },
    "mysql": {
      "locked_version": "1.0.0",
      "git": "git://github.com/aws/opsworks-cookbooks.git",
      "ref": "06ee63c7fb6c5c4962bcb4a1c62a2adbf45d324c",
      "rel": "mysql"
    },
    "nginx": {
      "locked_version": "1.0.0",
      "git": "git://github.com/aws/opsworks-cookbooks.git",
      "ref": "06ee63c7fb6c5c4962bcb4a1c62a2adbf45d324c",
      "rel": "nginx"
    },
    "opsworks_agent_monit": {
      "locked_version": "1.0.0",
      "git": "git://github.com/aws/opsworks-cookbooks.git",
      "ref": "06ee63c7fb6c5c4962bcb4a1c62a2adbf45d324c",
      "rel": "opsworks_agent_monit"
    },
    "opsworks_bundler": {
      "locked_version": "1.0.0",
      "git": "git://github.com/aws/opsworks-cookbooks.git",
      "ref": "06ee63c7fb6c5c4962bcb4a1c62a2adbf45d324c",
      "rel": "opsworks_bundler"
    },
    "opsworks_cleanup": {
      "locked_version": "1.0.0",
      "git": "git://github.com/aws/opsworks-cookbooks.git",
      "ref": "06ee63c7fb6c5c4962bcb4a1c62a2adbf45d324c",
      "rel": "opsworks_cleanup"
    },
    "opsworks_commons": {
      "locked_version": "1.0.0",
      "git": "git://github.com/aws/opsworks-cookbooks.git",
      "ref": "06ee63c7fb6c5c4962bcb4a1c62a2adbf45d324c",
      "rel": "opsworks_commons"
    },
    "opsworks_custom_cookbooks": {
      "locked_version": "1.0.0",
      "git": "git://github.com/aws/opsworks-cookbooks.git",
      "ref": "06ee63c7fb6c5c4962bcb4a1c62a2adbf45d324c",
      "rel": "opsworks_custom_cookbooks"
    },
    "opsworks_ganglia": {
      "locked_version": "1.0.0",
      "git": "git://github.com/aws/opsworks-cookbooks.git",
      "ref": "06ee63c7fb6c5c4962bcb4a1c62a2adbf45d324c",
      "rel": "opsworks_ganglia"
    },
    "opsworks_initial_setup": {
      "locked_version": "1.0.0",
      "git": "git://github.com/aws/opsworks-cookbooks.git",
      "ref": "06ee63c7fb6c5c4962bcb4a1c62a2adbf45d324c",
      "rel": "opsworks_initial_setup"
    },
    "opsworks_java": {
      "locked_version": "1.0.0",
      "git": "git://github.com/aws/opsworks-cookbooks.git",
      "ref": "06ee63c7fb6c5c4962bcb4a1c62a2adbf45d324c",
      "rel": "opsworks_java"
    },
    "opsworks_nodejs": {
      "locked_version": "1.0.0",
      "git": "git://github.com/aws/opsworks-cookbooks.git",
      "ref": "06ee63c7fb6c5c4962bcb4a1c62a2adbf45d324c",
      "rel": "opsworks_nodejs"
    },
    "opsworks_postgresql": {
      "locked_version": "1.0.0",
      "git": "git://github.com/aws/opsworks-cookbooks.git",
      "ref": "06ee63c7fb6c5c4962bcb4a1c62a2adbf45d324c",
      "rel": "opsworks_postgresql"
    },
    "opsworks_rubygems": {
      "locked_version": "1.0.0",
      "git": "git://github.com/aws/opsworks-cookbooks.git",
      "ref": "06ee63c7fb6c5c4962bcb4a1c62a2adbf45d324c",
      "rel": "opsworks_rubygems"
    },
    "opsworks_shutdown": {
      "locked_version": "1.0.0",
      "git": "git://github.com/aws/opsworks-cookbooks.git",
      "ref": "06ee63c7fb6c5c4962bcb4a1c62a2adbf45d324c",
      "rel": "opsworks_shutdown"
    },
    "opsworks_stack_state_sync": {
      "locked_version": "1.0.0",
      "git": "git://github.com/aws/opsworks-cookbooks.git",
      "ref": "06ee63c7fb6c5c4962bcb4a1c62a2adbf45d324c",
      "rel": "opsworks_stack_state_sync"
    },
    "packages": {
      "locked_version": "1.0.0",
      "git": "git://github.com/aws/opsworks-cookbooks.git",
      "ref": "06ee63c7fb6c5c4962bcb4a1c62a2adbf45d324c",
      "rel": "packages"
    },
    "passenger_apache2": {
      "locked_version": "1.0.0",
      "git": "git://github.com/aws/opsworks-cookbooks.git",
      "ref": "06ee63c7fb6c5c4962bcb4a1c62a2adbf45d324c",
      "rel": "passenger_apache2"
    },
    "php": {
      "locked_version": "1.0.0",
      "git": "git://github.com/aws/opsworks-cookbooks.git",
      "ref": "06ee63c7fb6c5c4962bcb4a1c62a2adbf45d324c",
      "rel": "php"
    },
    "rails": {
      "locked_version": "1.0.0",
      "git": "git://github.com/aws/opsworks-cookbooks.git",
      "ref": "06ee63c7fb6c5c4962bcb4a1c62a2adbf45d324c",
      "rel": "rails"
    },
    "ruby": {
      "locked_version": "1.0.0",
      "git": "git://github.com/aws/opsworks-cookbooks.git",
      "ref": "06ee63c7fb6c5c4962bcb4a1c62a2adbf45d324c",
      "rel": "ruby"
    },
    "ruby_enterprise": {
      "locked_version": "1.0.0",
      "git": "git://github.com/aws/opsworks-cookbooks.git",
      "ref": "06ee63c7fb6c5c4962bcb4a1c62a2adbf45d324c",
      "rel": "ruby_enterprise"
    },
    "runit": {
      "locked_version": "1.0.0",
      "git": "git://github.com/aws/opsworks-cookbooks.git",
      "ref": "06ee63c7fb6c5c4962bcb4a1c62a2adbf45d324c",
      "rel": "runit"
    },
    "scm_helper": {
      "locked_version": "1.0.0",
      "git": "git://github.com/aws/opsworks-cookbooks.git",
      "ref": "06ee63c7fb6c5c4962bcb4a1c62a2adbf45d324c",
      "rel": "scm_helper"
    },
    "ssh_host_keys": {
      "locked_version": "1.0.0",
      "git": "git://github.com/aws/opsworks-cookbooks.git",
      "ref": "06ee63c7fb6c5c4962bcb4a1c62a2adbf45d324c",
      "rel": "ssh_host_keys"
    },
    "ssh_users": {
      "locked_version": "1.0.0",
      "git": "git://github.com/aws/opsworks-cookbooks.git",
      "ref": "06ee63c7fb6c5c4962bcb4a1c62a2adbf45d324c",
      "rel": "ssh_users"
    },
    "unicorn": {
      "locked_version": "1.0.0",
      "git": "git://github.com/aws/opsworks-cookbooks.git",
      "ref": "06ee63c7fb6c5c4962bcb4a1c62a2adbf45d324c",
      "rel": "unicorn"
    },
    "opsworks-kitchen-compatibility": {
      "path": "."
    }
  }
}
